// !$*UTF8*$!
{
	archiveVersion = 1;
	classes = {
	};
	objectVersion = 46;
	objects = {

/* Begin PBXBuildFile section */
		A1041D6D1B73B158001AE611 /* LoginViewController.m in Sources */ = {isa = PBXBuildFile; fileRef = A1041D6C1B73B158001AE611 /* LoginViewController.m */; };
		A12ED87A1B72A6B000B88E1D /* main.m in Sources */ = {isa = PBXBuildFile; fileRef = A12ED8791B72A6B000B88E1D /* main.m */; };
		A12ED87D1B72A6B000B88E1D /* AppDelegate.m in Sources */ = {isa = PBXBuildFile; fileRef = A12ED87C1B72A6B000B88E1D /* AppDelegate.m */; };
		A12ED8801B72A6B000B88E1D /* FirstViewController.m in Sources */ = {isa = PBXBuildFile; fileRef = A12ED87F1B72A6B000B88E1D /* FirstViewController.m */; };
		A12ED8831B72A6B000B88E1D /* SecondViewController.m in Sources */ = {isa = PBXBuildFile; fileRef = A12ED8821B72A6B000B88E1D /* SecondViewController.m */; };
		A12ED8861B72A6B000B88E1D /* Main.storyboard in Resources */ = {isa = PBXBuildFile; fileRef = A12ED8841B72A6B000B88E1D /* Main.storyboard */; };
		A12ED8881B72A6B000B88E1D /* Images.xcassets in Resources */ = {isa = PBXBuildFile; fileRef = A12ED8871B72A6B000B88E1D /* Images.xcassets */; };
		A12ED88B1B72A6B000B88E1D /* LaunchScreen.xib in Resources */ = {isa = PBXBuildFile; fileRef = A12ED8891B72A6B000B88E1D /* LaunchScreen.xib */; };
		A12ED8971B72A6B000B88E1D /* AramarkHelperTests.m in Sources */ = {isa = PBXBuildFile; fileRef = A12ED8961B72A6B000B88E1D /* AramarkHelperTests.m */; };
		A12ED8A11B72A7B000B88E1D /* AramarkHelper.xcdatamodel in Sources */ = {isa = PBXBuildFile; fileRef = A12ED8A01B72A7B000B88E1D /* AramarkHelper.xcdatamodel */; };
/* End PBXBuildFile section */

/* Begin PBXContainerItemProxy section */
		A12ED8911B72A6B000B88E1D /* PBXContainerItemProxy */ = {
			isa = PBXContainerItemProxy;
			containerPortal = A12ED86C1B72A6B000B88E1D /* Project object */;
			proxyType = 1;
			remoteGlobalIDString = A12ED8731B72A6B000B88E1D;
			remoteInfo = AramarkHelper;
		};
/* End PBXContainerItemProxy section */

/* Begin PBXFileReference section */
		A1041D6B1B73B158001AE611 /* LoginViewController.h */ = {isa = PBXFileReference; fileEncoding = 4; lastKnownFileType = sourcecode.c.h; path = LoginViewController.h; sourceTree = "<group>"; };
		A1041D6C1B73B158001AE611 /* LoginViewController.m */ = {isa = PBXFileReference; fileEncoding = 4; lastKnownFileType = sourcecode.c.objc; path = LoginViewController.m; sourceTree = "<group>"; };
		A12ED8741B72A6B000B88E1D /* AramarkHelper.app */ = {isa = PBXFileReference; explicitFileType = wrapper.application; includeInIndex = 0; path = AramarkHelper.app; sourceTree = BUILT_PRODUCTS_DIR; };
		A12ED8781B72A6B000B88E1D /* Info.plist */ = {isa = PBXFileReference; lastKnownFileType = text.plist.xml; path = Info.plist; sourceTree = "<group>"; };
		A12ED8791B72A6B000B88E1D /* main.m */ = {isa = PBXFileReference; lastKnownFileType = sourcecode.c.objc; path = main.m; sourceTree = "<group>"; };
		A12ED87B1B72A6B000B88E1D /* AppDelegate.h */ = {isa = PBXFileReference; lastKnownFileType = sourcecode.c.h; path = AppDelegate.h; sourceTree = "<group>"; };
		A12ED87C1B72A6B000B88E1D /* AppDelegate.m */ = {isa = PBXFileReference; lastKnownFileType = sourcecode.c.objc; path = AppDelegate.m; sourceTree = "<group>"; };
		A12ED87E1B72A6B000B88E1D /* FirstViewController.h */ = {isa = PBXFileReference; lastKnownFileType = sourcecode.c.h; path = FirstViewController.h; sourceTree = "<group>"; };
		A12ED87F1B72A6B000B88E1D /* FirstViewController.m */ = {isa = PBXFileReference; lastKnownFileType = sourcecode.c.objc; path = FirstViewController.m; sourceTree = "<group>"; };
		A12ED8811B72A6B000B88E1D /* SecondViewController.h */ = {isa = PBXFileReference; lastKnownFileType = sourcecode.c.h; path = SecondViewController.h; sourceTree = "<group>"; };
		A12ED8821B72A6B000B88E1D /* SecondViewController.m */ = {isa = PBXFileReference; lastKnownFileType = sourcecode.c.objc; path = SecondViewController.m; sourceTree = "<group>"; };
		A12ED8851B72A6B000B88E1D /* Base */ = {isa = PBXFileReference; lastKnownFileType = file.storyboard; name = Base; path = Base.lproj/Main.storyboard; sourceTree = "<group>"; };
		A12ED8871B72A6B000B88E1D /* Images.xcassets */ = {isa = PBXFileReference; lastKnownFileType = folder.assetcatalog; path = Images.xcassets; sourceTree = "<group>"; };
		A12ED88A1B72A6B000B88E1D /* Base */ = {isa = PBXFileReference; lastKnownFileType = file.xib; name = Base; path = Base.lproj/LaunchScreen.xib; sourceTree = "<group>"; };
		A12ED8901B72A6B000B88E1D /* AramarkHelperTests.xctest */ = {isa = PBXFileReference; explicitFileType = wrapper.cfbundle; includeInIndex = 0; path = AramarkHelperTests.xctest; sourceTree = BUILT_PRODUCTS_DIR; };
		A12ED8951B72A6B000B88E1D /* Info.plist */ = {isa = PBXFileReference; lastKnownFileType = text.plist.xml; path = Info.plist; sourceTree = "<group>"; };
		A12ED8961B72A6B000B88E1D /* AramarkHelperTests.m */ = {isa = PBXFileReference; lastKnownFileType = sourcecode.c.objc; path = AramarkHelperTests.m; sourceTree = "<group>"; };
		A12ED8A01B72A7B000B88E1D /* AramarkHelper.xcdatamodel */ = {isa = PBXFileReference; lastKnownFileType = wrapper.xcdatamodel; path = AramarkHelper.xcdatamodel; sourceTree = "<group>"; };
/* End PBXFileReference section */

/* Begin PBXFrameworksBuildPhase section */
		A12ED8711B72A6B000B88E1D /* Frameworks */ = {
			isa = PBXFrameworksBuildPhase;
			buildActionMask = 2147483647;
			files = (
			);
			runOnlyForDeploymentPostprocessing = 0;
		};
		A12ED88D1B72A6B000B88E1D /* Frameworks */ = {
			isa = PBXFrameworksBuildPhase;
			buildActionMask = 2147483647;
			files = (
			);
			runOnlyForDeploymentPostprocessing = 0;
		};
/* End PBXFrameworksBuildPhase section */

/* Begin PBXGroup section */
		A12ED86B1B72A6B000B88E1D = {
			isa = PBXGroup;
			children = (
				A12ED8761B72A6B000B88E1D /* AramarkHelper */,
				A12ED8931B72A6B000B88E1D /* AramarkHelperTests */,
				A12ED8751B72A6B000B88E1D /* Products */,
			);
			sourceTree = "<group>";
		};
		A12ED8751B72A6B000B88E1D /* Products */ = {
			isa = PBXGroup;
			children = (
				A12ED8741B72A6B000B88E1D /* AramarkHelper.app */,
				A12ED8901B72A6B000B88E1D /* AramarkHelperTests.xctest */,
			);
			name = Products;
			sourceTree = "<group>";
		};
		A12ED8761B72A6B000B88E1D /* AramarkHelper */ = {
			isa = PBXGroup;
			children = (
				A12ED8A01B72A7B000B88E1D /* AramarkHelper.xcdatamodel */,
				A12ED87B1B72A6B000B88E1D /* AppDelegate.h */,
				A12ED87C1B72A6B000B88E1D /* AppDelegate.m */,
				A1041D6B1B73B158001AE611 /* LoginViewController.h */,
				A1041D6C1B73B158001AE611 /* LoginViewController.m */,
				A12ED87E1B72A6B000B88E1D /* FirstViewController.h */,
				A12ED87F1B72A6B000B88E1D /* FirstViewController.m */,
				A12ED8811B72A6B000B88E1D /* SecondViewController.h */,
				A12ED8821B72A6B000B88E1D /* SecondViewController.m */,
				A12ED8841B72A6B000B88E1D /* Main.storyboard */,
				A12ED8871B72A6B000B88E1D /* Images.xcassets */,
				A12ED8891B72A6B000B88E1D /* LaunchScreen.xib */,
				A12ED8771B72A6B000B88E1D /* Supporting Files */,
			);
			path = AramarkHelper;
			sourceTree = "<group>";
		};
		A12ED8771B72A6B000B88E1D /* Supporting Files */ = {
			isa = PBXGroup;
			children = (
				A12ED8781B72A6B000B88E1D /* Info.plist */,
				A12ED8791B72A6B000B88E1D /* main.m */,
			);
			name = "Supporting Files";
			sourceTree = "<group>";
		};
		A12ED8931B72A6B000B88E1D /* AramarkHelperTests */ = {
			isa = PBXGroup;
			children = (
				A12ED8961B72A6B000B88E1D /* AramarkHelperTests.m */,
				A12ED8941B72A6B000B88E1D /* Supporting Files */,
			);
			path = AramarkHelperTests;
			sourceTree = "<group>";
		};
		A12ED8941B72A6B000B88E1D /* Supporting Files */ = {
			isa = PBXGroup;
			children = (
				A12ED8951B72A6B000B88E1D /* Info.plist */,
			);
			name = "Supporting Files";
			sourceTree = "<group>";
		};
/* End PBXGroup section */

/* Begin PBXNativeTarget section */
		A12ED8731B72A6B000B88E1D /* AramarkHelper */ = {
			isa = PBXNativeTarget;
			buildConfigurationList = A12ED89A1B72A6B000B88E1D /* Build configuration list for PBXNativeTarget "AramarkHelper" */;
			buildPhases = (
				A12ED8701B72A6B000B88E1D /* Sources */,
				A12ED8711B72A6B000B88E1D /* Frameworks */,
				A12ED8721B72A6B000B88E1D /* Resources */,
			);
			buildRules = (
			);
			dependencies = (
			);
			name = AramarkHelper;
			productName = AramarkHelper;
			productReference = A12ED8741B72A6B000B88E1D /* AramarkHelper.app */;
			productType = "com.apple.product-type.application";
		};
		A12ED88F1B72A6B000B88E1D /* AramarkHelperTests */ = {
			isa = PBXNativeTarget;
			buildConfigurationList = A12ED89D1B72A6B000B88E1D /* Build configuration list for PBXNativeTarget "AramarkHelperTests" */;
			buildPhases = (
				A12ED88C1B72A6B000B88E1D /* Sources */,
				A12ED88D1B72A6B000B88E1D /* Frameworks */,
				A12ED88E1B72A6B000B88E1D /* Resources */,
			);
			buildRules = (
			);
			dependencies = (
				A12ED8921B72A6B000B88E1D /* PBXTargetDependency */,
			);
			name = AramarkHelperTests;
			productName = AramarkHelperTests;
			productReference = A12ED8901B72A6B000B88E1D /* AramarkHelperTests.xctest */;
			productType = "com.apple.product-type.bundle.unit-test";
		};
/* End PBXNativeTarget section */

/* Begin PBXProject section */
		A12ED86C1B72A6B000B88E1D /* Project object */ = {
			isa = PBXProject;
			attributes = {
				LastUpgradeCheck = 0630;
				ORGANIZATIONNAME = "Rose-Hulman";
				TargetAttributes = {
					A12ED8731B72A6B000B88E1D = {
						CreatedOnToolsVersion = 6.3.2;
					};
					A12ED88F1B72A6B000B88E1D = {
						CreatedOnToolsVersion = 6.3.2;
						TestTargetID = A12ED8731B72A6B000B88E1D;
					};
				};
			};
			buildConfigurationList = A12ED86F1B72A6B000B88E1D /* Build configuration list for PBXProject "AramarkHelper" */;
			compatibilityVersion = "Xcode 3.2";
			developmentRegion = English;
			hasScannedForEncodings = 0;
			knownRegions = (
				en,
				Base,
			);
			mainGroup = A12ED86B1B72A6B000B88E1D;
			productRefGroup = A12ED8751B72A6B000B88E1D /* Products */;
			projectDirPath = "";
			projectRoot = "";
			targets = (
				A12ED8731B72A6B000B88E1D /* AramarkHelper */,
				A12ED88F1B72A6B000B88E1D /* AramarkHelperTests */,
			);
		};
/* End PBXProject section */

/* Begin PBXResourcesBuildPhase section */
		A12ED8721B72A6B000B88E1D /* Resources */ = {
			isa = PBXResourcesBuildPhase;
			buildActionMask = 2147483647;
			files = (
				A12ED8861B72A6B000B88E1D /* Main.storyboard in Resources */,
				A12ED88B1B72A6B000B88E1D /* LaunchScreen.xib in Resources */,
				A12ED8881B72A6B000B88E1D /* Images.xcassets in Resources */,
			);
			runOnlyForDeploymentPostprocessing = 0;
		};
		A12ED88E1B72A6B000B88E1D /* Resources */ = {
			isa = PBXResourcesBuildPhase;
			buildActionMask = 2147483647;
			files = (
			);
			runOnlyForDeploymentPostprocessing = 0;
		};
/* End PBXResourcesBuildPhase section */

/* Begin PBXSourcesBuildPhase section */
		A12ED8701B72A6B000B88E1D /* Sources */ = {
			isa = PBXSourcesBuildPhase;
			buildActionMask = 2147483647;
			files = (
				A12ED8831B72A6B000B88E1D /* SecondViewController.m in Sources */,
				A12ED87D1B72A6B000B88E1D /* AppDelegate.m in Sources */,
				A1041D6D1B73B158001AE611 /* LoginViewController.m in Sources */,
				A12ED8A11B72A7B000B88E1D /* AramarkHelper.xcdatamodel in Sources */,
				A12ED8801B72A6B000B88E1D /* FirstViewController.m in Sources */,
				A12ED87A1B72A6B000B88E1D /* main.m in Sources */,
			);
			runOnlyForDeploymentPostprocessing = 0;
		};
		A12ED88C1B72A6B000B88E1D /* Sources */ = {
			isa = PBXSourcesBuildPhase;
			buildActionMask = 2147483647;
			files = (
				A12ED8971B72A6B000B88E1D /* AramarkHelperTests.m in Sources */,
			);
			runOnlyForDeploymentPostprocessing = 0;
		};
/* End PBXSourcesBuildPhase section */

/* Begin PBXTargetDependency section */
		A12ED8921B72A6B000B88E1D /* PBXTargetDependency */ = {
			isa = PBXTargetDependency;
			target = A12ED8731B72A6B000B88E1D /* AramarkHelper */;
			targetProxy = A12ED8911B72A6B000B88E1D /* PBXContainerItemProxy */;
		};
/* End PBXTargetDependency section */

/* Begin PBXVariantGroup section */
		A12ED8841B72A6B000B88E1D /* Main.storyboard */ = {
			isa = PBXVariantGroup;
			children = (
				A12ED8851B72A6B000B88E1D /* Base */,
			);
			name = Main.storyboard;
			sourceTree = "<group>";
		};
		A12ED8891B72A6B000B88E1D /* LaunchScreen.xib */ = {
			isa = PBXVariantGroup;
			children = (
				A12ED88A1B72A6B000B88E1D /* Base */,
			);
			name = LaunchScreen.xib;
			sourceTree = "<group>";
		};
/* End PBXVariantGroup section */

/* Begin XCBuildConfiguration section */
		A12ED8981B72A6B000B88E1D /* Debug */ = {
			isa = XCBuildConfiguration;
			buildSettings = {
				ALWAYS_SEARCH_USER_PATHS = NO;
				CLANG_CXX_LANGUAGE_STANDARD = "gnu++0x";
				CLANG_CXX_LIBRARY = "libc++";
				CLANG_ENABLE_MODULES = YES;
				CLANG_ENABLE_OBJC_ARC = YES;
				CLANG_WARN_BOOL_CONVERSION = YES;
				CLANG_WARN_CONSTANT_CONVERSION = YES;
				CLANG_WARN_DIRECT_OBJC_ISA_USAGE = YES_ERROR;
				CLANG_WARN_EMPTY_BODY = YES;
				CLANG_WARN_ENUM_CONVERSION = YES;
				CLANG_WARN_INT_CONVERSION = YES;
				CLANG_WARN_OBJC_ROOT_CLASS = YES_ERROR;
				CLANG_WARN_UNREACHABLE_CODE = YES;
				CLANG_WARN__DUPLICATE_METHOD_MATCH = YES;
				"CODE_SIGN_IDENTITY[sdk=iphoneos*]" = "iPhone Developer";
				COPY_PHASE_STRIP = NO;
				DEBUG_INFORMATION_FORMAT = "dwarf-with-dsym";
				ENABLE_STRICT_OBJC_MSGSEND = YES;
				GCC_C_LANGUAGE_STANDARD = gnu99;
				GCC_DYNAMIC_NO_PIC = NO;
				GCC_NO_COMMON_BLOCKS = YES;
				GCC_OPTIMIZATION_LEVEL = 0;
				GCC_PREPROCESSOR_DEFINITIONS = (
					"DEBUG=1",
					"$(inherited)",
				);
				GCC_SYMBOLS_PRIVATE_EXTERN = NO;
				GCC_WARN_64_TO_32_BIT_CONVERSION = YES;
				GCC_WARN_ABOUT_RETURN_TYPE = YES_ERROR;
				GCC_WARN_UNDECLARED_SELECTOR = YES;
				GCC_WARN_UNINITIALIZED_AUTOS = YES_AGGRESSIVE;
				GCC_WARN_UNUSED_FUNCTION = YES;
				GCC_WARN_UNUSED_VARIABLE = YES;
				IPHONEOS_DEPLOYMENT_TARGET = 8.3;
				MTL_ENABLE_DEBUG_INFO = YES;
				ONLY_ACTIVE_ARCH = YES;
				SDKROOT = iphoneos;
				TARGETED_DEVICE_FAMILY = "1,2";
			};
			name = Debug;
		};
		A12ED8991B72A6B000B88E1D /* Release */ = {
			isa = XCBuildConfiguration;
			buildSettings = {
				ALWAYS_SEARCH_USER_PATHS = NO;
				CLANG_CXX_LANGUAGE_STANDARD = "gnu++0x";
				CLANG_CXX_LIBRARY = "libc++";
				CLANG_ENABLE_MODULES = YES;
				CLANG_ENABLE_OBJC_ARC = YES;
				CLANG_WARN_BOOL_CONVERSION = YES;
				CLANG_WARN_CONSTANT_CONVERSION = YES;
				CLANG_WARN_DIRECT_OBJC_ISA_USAGE = YES_ERROR;
				CLANG_WARN_EMPTY_BODY = YES;
				CLANG_WARN_ENUM_CONVERSION = YES;
				CLANG_WARN_INT_CONVERSION = YES;
				CLANG_WARN_OBJC_ROOT_CLASS = YES_ERROR;
				CLANG_WARN_UNREACHABLE_CODE = YES;
				CLANG_WARN__DUPLICATE_METHOD_MATCH = YES;
				"CODE_SIGN_IDENTITY[sdk=iphoneos*]" = "iPhone Developer";
				COPY_PHASE_STRIP = NO;
				DEBUG_INFORMATION_FORMAT = "dwarf-with-dsym";
				ENABLE_NS_ASSERTIONS = NO;
				ENABLE_STRICT_OBJC_MSGSEND = YES;
				GCC_C_LANGUAGE_STANDARD = gnu99;
				GCC_NO_COMMON_BLOCKS = YES;
				GCC_WARN_64_TO_32_BIT_CONVERSION = YES;
				GCC_WARN_ABOUT_RETURN_TYPE = YES_ERROR;
				GCC_WARN_UNDECLARED_SELECTOR = YES;
				GCC_WARN_UNINITIALIZED_AUTOS = YES_AGGRESSIVE;
				GCC_WARN_UNUSED_FUNCTION = YES;
				GCC_WARN_UNUSED_VARIABLE = YES;
				IPHONEOS_DEPLOYMENT_TARGET = 8.3;
				MTL_ENABLE_DEBUG_INFO = NO;
				SDKROOT = iphoneos;
				TARGETED_DEVICE_FAMILY = "1,2";
				VALIDATE_PRODUCT = YES;
			};
			name = Release;
		};
		A12ED89B1B72A6B000B88E1D /* Debug */ = {
			isa = XCBuildConfiguration;
			buildSettings = {
				ASSETCATALOG_COMPILER_APPICON_NAME = AppIcon;
				INFOPLIST_FILE = AramarkHelper/Info.plist;
				LD_RUNPATH_SEARCH_PATHS = "$(inherited) @executable_path/Frameworks";
				PRODUCT_NAME = "$(TARGET_NAME)";
			};
			name = Debug;
		};
		A12ED89C1B72A6B000B88E1D /* Release */ = {
			isa = XCBuildConfiguration;
			buildSettings = {
				ASSETCATALOG_COMPILER_APPICON_NAME = AppIcon;
				INFOPLIST_FILE = AramarkHelper/Info.plist;
				LD_RUNPATH_SEARCH_PATHS = "$(inherited) @executable_path/Frameworks";
				PRODUCT_NAME = "$(TARGET_NAME)";
			};
			name = Release;
		};
		A12ED89E1B72A6B000B88E1D /* Debug */ = {
			isa = XCBuildConfiguration;
			buildSettings = {
				BUNDLE_LOADER = "$(TEST_HOST)";
				FRAMEWORK_SEARCH_PATHS = (
					"$(SDKROOT)/Developer/Library/Frameworks",
					"$(inherited)",
				);
				GCC_PREPROCESSOR_DEFINITIONS = (
					"DEBUG=1",
					"$(inherited)",
				);
				INFOPLIST_FILE = AramarkHelperTests/Info.plist;
				LD_RUNPATH_SEARCH_PATHS = "$(inherited) @executable_path/Frameworks @loader_path/Frameworks";
				PRODUCT_NAME = "$(TARGET_NAME)";
				TEST_HOST = "$(BUILT_PRODUCTS_DIR)/AramarkHelper.app/AramarkHelper";
			};
			name = Debug;
		};
		A12ED89F1B72A6B000B88E1D /* Release */ = {
			isa = XCBuildConfiguration;
			buildSettings = {
				BUNDLE_LOADER = "$(TEST_HOST)";
				FRAMEWORK_SEARCH_PATHS = (
					"$(SDKROOT)/Developer/Library/Frameworks",
					"$(inherited)",
				);
				INFOPLIST_FILE = AramarkHelperTests/Info.plist;
				LD_RUNPATH_SEARCH_PATHS = "$(inherited) @executable_path/Frameworks @loader_path/Frameworks";
				PRODUCT_NAME = "$(TARGET_NAME)";
				TEST_HOST = "$(BUILT_PRODUCTS_DIR)/AramarkHelper.app/AramarkHelper";
			};
			name = Release;
		};
/* End XCBuildConfiguration section */

/* Begin XCConfigurationList section */
		A12ED86F1B72A6B000B88E1D /* Build configuration list for PBXProject "AramarkHelper" */ = {
			isa = XCConfigurationList;
			buildConfigurations = (
				A12ED8981B72A6B000B88E1D /* Debug */,
				A12ED8991B72A6B000B88E1D /* Release */,
			);
			defaultConfigurationIsVisible = 0;
			defaultConfigurationName = Release;
		};
		A12ED89A1B72A6B000B88E1D /* Build configuration list for PBXNativeTarget "AramarkHelper" */ = {
			isa = XCConfigurationList;
			buildConfigurations = (
				A12ED89B1B72A6B000B88E1D /* Debug */,
				A12ED89C1B72A6B000B88E1D /* Release */,
			);
			defaultConfigurationIsVisible = 0;
			defaultConfigurationName = Release;
		};
		A12ED89D1B72A6B000B88E1D /* Build configuration list for PBXNativeTarget "AramarkHelperTests" */ = {
			isa = XCConfigurationList;
			buildConfigurations = (
				A12ED89E1B72A6B000B88E1D /* Debug */,
				A12ED89F1B72A6B000B88E1D /* Release */,
			);
			defaultConfigurationIsVisible = 0;
			defaultConfigurationName = Release;
		};
/* End XCConfigurationList section */
	};
	rootObject = A12ED86C1B72A6B000B88E1D /* Project object */;
}
